
Microsoft Visual Studio Solution File, Format Version 12.00
# Visual Studio Version 17
VisualStudioVersion = 17.5.33530.505
MinimumVisualStudioVersion = 10.0.40219.1
Project("{FAE04EC0-301F-11D3-BF4B-00C04F79EFBC}") = "WebApiGridify", "WebApiGridify.csproj", "{A499D4B0-D586-4AA7-B93E-E26004B21F14}"
EndProject
Global
	GlobalSection(SolutionConfigurationPlatforms) = preSolution
		Debug|Any CPU = Debug|Any CPU
		Release|Any CPU = Release|Any CPU
	EndGlobalSection
	GlobalSection(ProjectConfigurationPlatforms) = postSolution
		{A499D4B0-D586-4AA7-B93E-E26004B21F14}.Debug|Any CPU.ActiveCfg = Debug|Any CPU
		{A499D4B0-D586-4AA7-B93E-E26004B21F14}.Debug|Any CPU.Build.0 = Debug|Any CPU
		{A499D4B0-D586-4AA7-B93E-E26004B21F14}.Release|Any CPU.ActiveCfg = Release|Any CPU
		{A499D4B0-D586-4AA7-B93E-E26004B21F14}.Release|Any CPU.Build.0 = Release|Any CPU
	EndGlobalSection
	GlobalSection(SolutionProperties) = preSolution
		HideSolutionNode = FALSE
	EndGlobalSection
	GlobalSection(ExtensibilityGlobals) = postSolution
		SolutionGuid = {3E2BDAE1-A728-482D-8CCB-9AA151A66B56}
	EndGlobalSection
EndGlobal
